
Microsoft Visual Studio Solution File, Format Version 11.00
# Visual Studio 2010
Project("{FAE04EC0-301F-11D3-BF4B-00C04F79EFBC}") = "WatchNotifyService", "AuctionWatchNotifyService\WatchNotifyService.csproj", "{164FBCA7-40E9-41B1-B0DE-55DE383C75B5}"
EndProject
Project("{FAE04EC0-301F-11D3-BF4B-00C04F79EFBC}") = "WatchNotify", "AuctionWatchNotify\WatchNotify.csproj", "{8BD51A2B-0C52-409B-B998-E131C64FBA4A}"
EndProject
Project("{FAE04EC0-301F-11D3-BF4B-00C04F79EFBC}") = "TestWatchNotify", "TestAuctionWatchNotify\TestWatchNotify.csproj", "{D5F21481-D2B5-4623-A32C-0FA83293438E}"
EndProject
Project("{FAE04EC0-301F-11D3-BF4B-00C04F79EFBC}") = "FileHelpers", "FileHelpersLib\FileHelpers\FileHelpers.csproj", "{EB8633FF-CEED-40EE-8D1A-CA1BF5678C42}"
EndProject
Project("{FAE04EC0-301F-11D3-BF4B-00C04F79EFBC}") = "FileHelpers.ExcelStorage", "FileHelpersLib\FileHelpers.ExcelStorage\FileHelpers.ExcelStorage.csproj", "{B3F2B976-73D5-49C7-BEAA-BF62E233132A}"
EndProject
Project("{FAE04EC0-301F-11D3-BF4B-00C04F79EFBC}") = "FileHelpers.DataLink", "FileHelpersLib\FileHelpers.DataLink\FileHelpers.DataLink.csproj", "{94B329D5-E42A-42E4-AAC1-05DA361FFF53}"
EndProject
Project("{54435603-DBB4-11D2-8724-00A0C9A8B90C}") = "SetupAuctionWatchNotify", "SetupAuctionWatchNotify\SetupAuctionWatchNotify.vdproj", "{4883B661-EBBE-44C6-8913-D0970861026D}"
EndProject
Global
	GlobalSection(SolutionConfigurationPlatforms) = preSolution
		Debug|Any CPU = Debug|Any CPU
		Debug|Mixed Platforms = Debug|Mixed Platforms
		Debug|x86 = Debug|x86
		Release|Any CPU = Release|Any CPU
		Release|Mixed Platforms = Release|Mixed Platforms
		Release|x86 = Release|x86
	EndGlobalSection
	GlobalSection(ProjectConfigurationPlatforms) = postSolution
		{164FBCA7-40E9-41B1-B0DE-55DE383C75B5}.Debug|Any CPU.ActiveCfg = Debug|x86
		{164FBCA7-40E9-41B1-B0DE-55DE383C75B5}.Debug|Mixed Platforms.ActiveCfg = Debug|x86
		{164FBCA7-40E9-41B1-B0DE-55DE383C75B5}.Debug|Mixed Platforms.Build.0 = Debug|x86
		{164FBCA7-40E9-41B1-B0DE-55DE383C75B5}.Debug|x86.ActiveCfg = Debug|x86
		{164FBCA7-40E9-41B1-B0DE-55DE383C75B5}.Debug|x86.Build.0 = Debug|x86
		{164FBCA7-40E9-41B1-B0DE-55DE383C75B5}.Release|Any CPU.ActiveCfg = Release|x86
		{164FBCA7-40E9-41B1-B0DE-55DE383C75B5}.Release|Mixed Platforms.ActiveCfg = Release|x86
		{164FBCA7-40E9-41B1-B0DE-55DE383C75B5}.Release|Mixed Platforms.Build.0 = Release|x86
		{164FBCA7-40E9-41B1-B0DE-55DE383C75B5}.Release|x86.ActiveCfg = Release|x86
		{164FBCA7-40E9-41B1-B0DE-55DE383C75B5}.Release|x86.Build.0 = Release|x86
		{8BD51A2B-0C52-409B-B998-E131C64FBA4A}.Debug|Any CPU.ActiveCfg = Debug|Any CPU
		{8BD51A2B-0C52-409B-B998-E131C64FBA4A}.Debug|Any CPU.Build.0 = Debug|Any CPU
		{8BD51A2B-0C52-409B-B998-E131C64FBA4A}.Debug|Mixed Platforms.ActiveCfg = Debug|Any CPU
		{8BD51A2B-0C52-409B-B998-E131C64FBA4A}.Debug|Mixed Platforms.Build.0 = Debug|Any CPU
		{8BD51A2B-0C52-409B-B998-E131C64FBA4A}.Debug|x86.ActiveCfg = Debug|Any CPU
		{8BD51A2B-0C52-409B-B998-E131C64FBA4A}.Release|Any CPU.ActiveCfg = Release|Any CPU
		{8BD51A2B-0C52-409B-B998-E131C64FBA4A}.Release|Any CPU.Build.0 = Release|Any CPU
		{8BD51A2B-0C52-409B-B998-E131C64FBA4A}.Release|Mixed Platforms.ActiveCfg = Release|Any CPU
		{8BD51A2B-0C52-409B-B998-E131C64FBA4A}.Release|Mixed Platforms.Build.0 = Release|Any CPU
		{8BD51A2B-0C52-409B-B998-E131C64FBA4A}.Release|x86.ActiveCfg = Release|Any CPU
		{D5F21481-D2B5-4623-A32C-0FA83293438E}.Debug|Any CPU.ActiveCfg = Debug|x86
		{D5F21481-D2B5-4623-A32C-0FA83293438E}.Debug|Mixed Platforms.ActiveCfg = Debug|x86
		{D5F21481-D2B5-4623-A32C-0FA83293438E}.Debug|Mixed Platforms.Build.0 = Debug|x86
		{D5F21481-D2B5-4623-A32C-0FA83293438E}.Debug|x86.ActiveCfg = Debug|x86
		{D5F21481-D2B5-4623-A32C-0FA83293438E}.Debug|x86.Build.0 = Debug|x86
		{D5F21481-D2B5-4623-A32C-0FA83293438E}.Release|Any CPU.ActiveCfg = Release|x86
		{D5F21481-D2B5-4623-A32C-0FA83293438E}.Release|Mixed Platforms.ActiveCfg = Release|x86
		{D5F21481-D2B5-4623-A32C-0FA83293438E}.Release|Mixed Platforms.Build.0 = Release|x86
		{D5F21481-D2B5-4623-A32C-0FA83293438E}.Release|x86.ActiveCfg = Release|x86
		{D5F21481-D2B5-4623-A32C-0FA83293438E}.Release|x86.Build.0 = Release|x86
		{EB8633FF-CEED-40EE-8D1A-CA1BF5678C42}.Debug|Any CPU.ActiveCfg = Debug|Any CPU
		{EB8633FF-CEED-40EE-8D1A-CA1BF5678C42}.Debug|Any CPU.Build.0 = Debug|Any CPU
		{EB8633FF-CEED-40EE-8D1A-CA1BF5678C42}.Debug|Mixed Platforms.ActiveCfg = Debug|Any CPU
		{EB8633FF-CEED-40EE-8D1A-CA1BF5678C42}.Debug|Mixed Platforms.Build.0 = Debug|Any CPU
		{EB8633FF-CEED-40EE-8D1A-CA1BF5678C42}.Debug|x86.ActiveCfg = Debug|Any CPU
		{EB8633FF-CEED-40EE-8D1A-CA1BF5678C42}.Release|Any CPU.ActiveCfg = Release|Any CPU
		{EB8633FF-CEED-40EE-8D1A-CA1BF5678C42}.Release|Any CPU.Build.0 = Release|Any CPU
		{EB8633FF-CEED-40EE-8D1A-CA1BF5678C42}.Release|Mixed Platforms.ActiveCfg = Release|Any CPU
		{EB8633FF-CEED-40EE-8D1A-CA1BF5678C42}.Release|Mixed Platforms.Build.0 = Release|Any CPU
		{EB8633FF-CEED-40EE-8D1A-CA1BF5678C42}.Release|x86.ActiveCfg = Release|Any CPU
		{B3F2B976-73D5-49C7-BEAA-BF62E233132A}.Debug|Any CPU.ActiveCfg = Debug|Any CPU
		{B3F2B976-73D5-49C7-BEAA-BF62E233132A}.Debug|Any CPU.Build.0 = Debug|Any CPU
		{B3F2B976-73D5-49C7-BEAA-BF62E233132A}.Debug|Mixed Platforms.ActiveCfg = Debug|Any CPU
		{B3F2B976-73D5-49C7-BEAA-BF62E233132A}.Debug|Mixed Platforms.Build.0 = Debug|Any CPU
		{B3F2B976-73D5-49C7-BEAA-BF62E233132A}.Debug|x86.ActiveCfg = Debug|Any CPU
		{B3F2B976-73D5-49C7-BEAA-BF62E233132A}.Release|Any CPU.ActiveCfg = Release|Any CPU
		{B3F2B976-73D5-49C7-BEAA-BF62E233132A}.Release|Any CPU.Build.0 = Release|Any CPU
		{B3F2B976-73D5-49C7-BEAA-BF62E233132A}.Release|Mixed Platforms.ActiveCfg = Release|Any CPU
		{B3F2B976-73D5-49C7-BEAA-BF62E233132A}.Release|Mixed Platforms.Build.0 = Release|Any CPU
		{B3F2B976-73D5-49C7-BEAA-BF62E233132A}.Release|x86.ActiveCfg = Release|Any CPU
		{94B329D5-E42A-42E4-AAC1-05DA361FFF53}.Debug|Any CPU.ActiveCfg = Debug|Any CPU
		{94B329D5-E42A-42E4-AAC1-05DA361FFF53}.Debug|Any CPU.Build.0 = Debug|Any CPU
		{94B329D5-E42A-42E4-AAC1-05DA361FFF53}.Debug|Mixed Platforms.ActiveCfg = Debug|Any CPU
		{94B329D5-E42A-42E4-AAC1-05DA361FFF53}.Debug|Mixed Platforms.Build.0 = Debug|Any CPU
		{94B329D5-E42A-42E4-AAC1-05DA361FFF53}.Debug|x86.ActiveCfg = Debug|Any CPU
		{94B329D5-E42A-42E4-AAC1-05DA361FFF53}.Release|Any CPU.ActiveCfg = Release|Any CPU
		{94B329D5-E42A-42E4-AAC1-05DA361FFF53}.Release|Any CPU.Build.0 = Release|Any CPU
		{94B329D5-E42A-42E4-AAC1-05DA361FFF53}.Release|Mixed Platforms.ActiveCfg = Release|Any CPU
		{94B329D5-E42A-42E4-AAC1-05DA361FFF53}.Release|Mixed Platforms.Build.0 = Release|Any CPU
		{94B329D5-E42A-42E4-AAC1-05DA361FFF53}.Release|x86.ActiveCfg = Release|Any CPU
		{4883B661-EBBE-44C6-8913-D0970861026D}.Debug|Any CPU.ActiveCfg = Debug
		{4883B661-EBBE-44C6-8913-D0970861026D}.Debug|Mixed Platforms.ActiveCfg = Debug
		{4883B661-EBBE-44C6-8913-D0970861026D}.Debug|x86.ActiveCfg = Debug
		{4883B661-EBBE-44C6-8913-D0970861026D}.Release|Any CPU.ActiveCfg = Release
		{4883B661-EBBE-44C6-8913-D0970861026D}.Release|Mixed Platforms.ActiveCfg = Release
		{4883B661-EBBE-44C6-8913-D0970861026D}.Release|x86.ActiveCfg = Release
	EndGlobalSection
	GlobalSection(SolutionProperties) = preSolution
		HideSolutionNode = FALSE
	EndGlobalSection
EndGlobal
